
Microsoft Visual Studio Solution File, Format Version 12.00
# Visual Studio 15
VisualStudioVersion = 15.0.27703.2035
MinimumVisualStudioVersion = 10.0.40219.1
Project("{FAE04EC0-301F-11D3-BF4B-00C04F79EFBC}") = "05.Fiap.Web.MVC", "05.Fiap.Web.MVC\05.Fiap.Web.MVC.csproj", "{94031BF3-3D6A-492D-92CB-F223657E074E}"
EndProject
Global
	GlobalSection(SolutionConfigurationPlatforms) = preSolution
		Debug|Any CPU = Debug|Any CPU
		Release|Any CPU = Release|Any CPU
	EndGlobalSection
	GlobalSection(ProjectConfigurationPlatforms) = postSolution
		{94031BF3-3D6A-492D-92CB-F223657E074E}.Debug|Any CPU.ActiveCfg = Debug|Any CPU
		{94031BF3-3D6A-492D-92CB-F223657E074E}.Debug|Any CPU.Build.0 = Debug|Any CPU
		{94031BF3-3D6A-492D-92CB-F223657E074E}.Release|Any CPU.ActiveCfg = Release|Any CPU
		{94031BF3-3D6A-492D-92CB-F223657E074E}.Release|Any CPU.Build.0 = Release|Any CPU
	EndGlobalSection
	GlobalSection(SolutionProperties) = preSolution
		HideSolutionNode = FALSE
	EndGlobalSection
	GlobalSection(ExtensibilityGlobals) = postSolution
		SolutionGuid = {675FD2FC-941B-422E-B59F-FE6C588E7FCA}
	EndGlobalSection
EndGlobal
