
Microsoft Visual Studio Solution File, Format Version 12.00
# Visual Studio 15
VisualStudioVersion = 15.0.27703.2035
MinimumVisualStudioVersion = 10.0.40219.1
Project("{FAE04EC0-301F-11D3-BF4B-00C04F79EFBC}") = "01.Fiap.HelloWorld.Console.UI", "01.Fiap.HelloWorld.Console.UI\01.Fiap.HelloWorld.Console.UI.csproj", "{5F9BE5A2-807E-42C2-B4DF-7CDA5E6F9636}"
EndProject
Global
	GlobalSection(SolutionConfigurationPlatforms) = preSolution
		Debug|Any CPU = Debug|Any CPU
		Release|Any CPU = Release|Any CPU
	EndGlobalSection
	GlobalSection(ProjectConfigurationPlatforms) = postSolution
		{5F9BE5A2-807E-42C2-B4DF-7CDA5E6F9636}.Debug|Any CPU.ActiveCfg = Debug|Any CPU
		{5F9BE5A2-807E-42C2-B4DF-7CDA5E6F9636}.Debug|Any CPU.Build.0 = Debug|Any CPU
		{5F9BE5A2-807E-42C2-B4DF-7CDA5E6F9636}.Release|Any CPU.ActiveCfg = Release|Any CPU
		{5F9BE5A2-807E-42C2-B4DF-7CDA5E6F9636}.Release|Any CPU.Build.0 = Release|Any CPU
	EndGlobalSection
	GlobalSection(SolutionProperties) = preSolution
		HideSolutionNode = FALSE
	EndGlobalSection
	GlobalSection(ExtensibilityGlobals) = postSolution
		SolutionGuid = {5F0E7850-E053-4A34-B1D2-F87BF4E0B3F2}
	EndGlobalSection
EndGlobal
