
Microsoft Visual Studio Solution File, Format Version 12.00
# Visual Studio 15
VisualStudioVersion = 15.0.27703.2035
MinimumVisualStudioVersion = 10.0.40219.1
Project("{FAE04EC0-301F-11D3-BF4B-00C04F79EFBC}") = "01.Fiap.HelloWorld.Console.UI", "01.Fiap.HelloWorld.Console.UI\01.Fiap.HelloWorld.Console.UI.csproj", "{9C6C2C2D-8494-45C3-9F1B-B32CF76BC4B9}"
EndProject
Project("{FAE04EC0-301F-11D3-BF4B-00C04F79EFBC}") = "Fiap.Exercicio.UI", "Fiap.Exercicio.UI\Fiap.Exercicio.UI.csproj", "{81B37D89-6C61-47CA-AE11-1DEF80B7FF51}"
EndProject
Global
	GlobalSection(SolutionConfigurationPlatforms) = preSolution
		Debug|Any CPU = Debug|Any CPU
		Release|Any CPU = Release|Any CPU
	EndGlobalSection
	GlobalSection(ProjectConfigurationPlatforms) = postSolution
		{9C6C2C2D-8494-45C3-9F1B-B32CF76BC4B9}.Debug|Any CPU.ActiveCfg = Debug|Any CPU
		{9C6C2C2D-8494-45C3-9F1B-B32CF76BC4B9}.Debug|Any CPU.Build.0 = Debug|Any CPU
		{9C6C2C2D-8494-45C3-9F1B-B32CF76BC4B9}.Release|Any CPU.ActiveCfg = Release|Any CPU
		{9C6C2C2D-8494-45C3-9F1B-B32CF76BC4B9}.Release|Any CPU.Build.0 = Release|Any CPU
		{81B37D89-6C61-47CA-AE11-1DEF80B7FF51}.Debug|Any CPU.ActiveCfg = Debug|Any CPU
		{81B37D89-6C61-47CA-AE11-1DEF80B7FF51}.Debug|Any CPU.Build.0 = Debug|Any CPU
		{81B37D89-6C61-47CA-AE11-1DEF80B7FF51}.Release|Any CPU.ActiveCfg = Release|Any CPU
		{81B37D89-6C61-47CA-AE11-1DEF80B7FF51}.Release|Any CPU.Build.0 = Release|Any CPU
	EndGlobalSection
	GlobalSection(SolutionProperties) = preSolution
		HideSolutionNode = FALSE
	EndGlobalSection
	GlobalSection(ExtensibilityGlobals) = postSolution
		SolutionGuid = {D5FDE91C-DB06-4208-BA6F-4A1AAF97C4D8}
	EndGlobalSection
EndGlobal
